PODS:
  - GoogleDataTransport (9.1.4):
    - GoogleUtilities/Environment (~> 7.7)
    - nanopb (< 2.30910.0, >= 2.30908.0)
    - PromisesObjC (< 3.0, >= 1.2)
  - GoogleMLKit/ImageLabelingCustom (3.0.0):
    - GoogleMLKit/MLKitCore
    - MLKitImageLabelingCustom (~> 2.0.0)
  - GoogleMLKit/MLKitCore (3.0.0):
    - MLKitCommon (~> 6.0.0)
  - GoogleMLKit/ObjectDetectionCustom (3.0.0):
    - GoogleMLKit/MLKitCore
    - MLKitObjectDetectionCustom (~> 2.0.0)
  - GoogleMLKit/TextRecognition (3.0.0):
    - GoogleMLKit/MLKitCore
    - MLKitTextRecognition (~> 1.4.0-beta4)
  - GoogleToolboxForMac/DebugUtils (2.3.2):
    - GoogleToolboxForMac/Defines (= 2.3.2)
  - GoogleToolboxForMac/Defines (2.3.2)
  - GoogleToolboxForMac/Logger (2.3.2):
    - GoogleToolboxForMac/Defines (= 2.3.2)
  - "GoogleToolboxForMac/NSData+zlib (2.3.2)":
    - GoogleToolboxForMac/Defines (= 2.3.2)
  - "GoogleToolboxForMac/NSDictionary+URLArguments (2.3.2)":
    - GoogleToolboxForMac/DebugUtils (= 2.3.2)
    - GoogleToolboxForMac/Defines (= 2.3.2)
    - "GoogleToolboxForMac/NSString+URLArguments (= 2.3.2)"
  - "GoogleToolboxForMac/NSString+URLArguments (2.3.2)"
  - GoogleUtilities/Environment (7.7.0):
    - PromisesObjC (< 3.0, >= 1.2)
  - GoogleUtilities/Logger (7.7.0):
    - GoogleUtilities/Environment
  - GoogleUtilities/UserDefaults (7.7.0):
    - GoogleUtilities/Logger
  - GoogleUtilitiesComponents (1.1.0):
    - GoogleUtilities/Logger
  - GTMSessionFetcher/Core (1.7.2)
  - MiraiSDK (1.0.2):
    - GoogleMLKit/ImageLabelingCustom (>= 2.3)
    - GoogleMLKit/ObjectDetectionCustom (>= 2.3)
    - GoogleMLKit/TextRecognition (>= 2.3)
  - MLImage (1.0.0-beta2)
  - MLKitCommon (6.0.0):
    - GoogleDataTransport (~> 9.0)
    - GoogleToolboxForMac/Logger (~> 2.1)
    - "GoogleToolboxForMac/NSData+zlib (~> 2.1)"
    - "GoogleToolboxForMac/NSDictionary+URLArguments (~> 2.1)"
    - GoogleUtilities/UserDefaults (~> 7.0)
    - GoogleUtilitiesComponents (~> 1.0)
    - GTMSessionFetcher/Core (~> 1.1)
    - Protobuf (~> 3.12)
  - MLKitImageLabelingCommon (4.0.0):
    - MLKitCommon (~> 6.0)
    - MLKitVision (~> 4.0)
  - MLKitImageLabelingCustom (2.0.0):
    - MLKitCommon (~> 6.0)
    - MLKitImageLabelingCommon (~> 4.0)
    - MLKitVision (~> 4.0)
    - MLKitVisionKit (~> 5.0)
  - MLKitObjectDetectionCommon (4.0.0):
    - MLKitCommon (~> 6.0)
    - MLKitVision (~> 4.0)
  - MLKitObjectDetectionCustom (2.0.0):
    - MLKitCommon (~> 6.0)
    - MLKitObjectDetectionCommon (~> 4.0)
    - MLKitVision (~> 4.0)
    - MLKitVisionKit (~> 5.0)
  - MLKitTextRecognition (1.4.0-beta4):
    - MLKitCommon (~> 6.0)
    - MLKitTextRecognitionCommon (= 1.0.0-beta4)
    - MLKitVision (~> 4.0)
  - MLKitTextRecognitionCommon (1.0.0-beta4):
    - MLKitCommon (~> 6.0)
    - MLKitVision (~> 4.0)
  - MLKitVision (4.0.0):
    - GoogleToolboxForMac/Logger (~> 2.1)
    - "GoogleToolboxForMac/NSData+zlib (~> 2.1)"
    - GTMSessionFetcher/Core (~> 1.1)
    - MLImage (= 1.0.0-beta2)
    - MLKitCommon (~> 6.0)
    - Protobuf (~> 3.12)
  - MLKitVisionKit (5.0.0):
    - MLKitCommon (~> 6.0)
    - MLKitImageLabelingCommon (~> 4.0)
    - MLKitObjectDetectionCommon (~> 4.0)
    - MLKitVision (~> 4.0)
  - nanopb (2.30909.0):
    - nanopb/decode (= 2.30909.0)
    - nanopb/encode (= 2.30909.0)
  - nanopb/decode (2.30909.0)
  - nanopb/encode (2.30909.0)
  - PromisesObjC (2.1.0)
  - Protobuf (3.20.1)

DEPENDENCIES:
  - MiraiSDK (= 1.0.2)

SPEC REPOS:
  trunk:
    - GoogleDataTransport
    - GoogleMLKit
    - GoogleToolboxForMac
    - GoogleUtilities
    - GoogleUtilitiesComponents
    - GTMSessionFetcher
    - MiraiSDK
    - MLImage
    - MLKitCommon
    - MLKitImageLabelingCommon
    - MLKitImageLabelingCustom
    - MLKitObjectDetectionCommon
    - MLKitObjectDetectionCustom
    - MLKitTextRecognition
    - MLKitTextRecognitionCommon
    - MLKitVision
    - MLKitVisionKit
    - nanopb
    - PromisesObjC
    - Protobuf

SPEC CHECKSUMS:
  GoogleDataTransport: 5fffe35792f8b96ec8d6775f5eccd83c998d5a3b
  GoogleMLKit: 69ae034947ca5220c842a3096d574765c9b6b8b8
  GoogleToolboxForMac: 8bef7c7c5cf7291c687cf5354f39f9db6399ad34
  GoogleUtilities: e0913149f6b0625b553d70dae12b49fc62914fd1
  GoogleUtilitiesComponents: 679b2c881db3b615a2777504623df6122dd20afe
  GTMSessionFetcher: 5595ec75acf5be50814f81e9189490412bad82ba
  MiraiSDK: bc71f3d99a1b96fdf619b4838e67e4ab2ab0f48c
  MLImage: a454f9f8ecfd537783a12f9488f5be1a68820829
  MLKitCommon: 534d2b24c1f8676db247bd7ee5733eca1b52968b
  MLKitImageLabelingCommon: 9906b40bc1ae6dc8fbc7cfd4e6025fda8288f2eb
  MLKitImageLabelingCustom: 79f90fa55bddd01eae5aded1b2ac2a3f39b926cc
  MLKitObjectDetectionCommon: 62ad2aefeb356af309747f3eb35a8db3473ef91d
  MLKitObjectDetectionCustom: 6a977f48558f7aea7a8e1d8babca62f14a893ce2
  MLKitTextRecognition: d106486fe8e835db45f78e7a58beee584292b6f5
  MLKitTextRecognitionCommon: 2b6c596279febd4810e289ed4d9a9c6993fad64a
  MLKitVision: 5e393f4d8a28be57b6384a3665f5f041deff9c2e
  MLKitVisionKit: a0e53bf59de5ad3cb54ea6e51994648cb45c3a91
  nanopb: b552cce312b6c8484180ef47159bc0f65a1f0431
  PromisesObjC: 99b6f43f9e1044bd87a95a60beff28c2c44ddb72
  Protobuf: b60ec2f51ad74765f44d0c09d2e0579d7de21745

PODFILE CHECKSUM: b277e337a4c91a67bf02c7dfa60dfab5933fb186

COCOAPODS: 1.11.3
